
Microsoft Visual Studio Solution File, Format Version 12.00
# Visual Studio Version 16
VisualStudioVersion = 16.0.29411.108
MinimumVisualStudioVersion = 10.0.40219.1
Project("{FAE04EC0-301F-11D3-BF4B-00C04F79EFBC}") = "CrossBuilder", "CrossBuilder\CrossBuilder.csproj", "{CAD69559-1939-4FB1-900F-A1057B0BAB09}"
EndProject
Project("{FAE04EC0-301F-11D3-BF4B-00C04F79EFBC}") = "DebHelper", "DebHelper\DebHelper.csproj", "{B13FA100-B566-404B-A88C-A44530F42F8E}"
EndProject
Global
	GlobalSection(SolutionConfigurationPlatforms) = preSolution
		Debug|Any CPU = Debug|Any CPU
		Debug|x64 = Debug|x64
		Release|Any CPU = Release|Any CPU
		Release|x64 = Release|x64
	EndGlobalSection
	GlobalSection(ProjectConfigurationPlatforms) = postSolution
		{CAD69559-1939-4FB1-900F-A1057B0BAB09}.Debug|Any CPU.ActiveCfg = Debug|Any CPU
		{CAD69559-1939-4FB1-900F-A1057B0BAB09}.Debug|Any CPU.Build.0 = Debug|Any CPU
		{CAD69559-1939-4FB1-900F-A1057B0BAB09}.Debug|x64.ActiveCfg = Debug|x64
		{CAD69559-1939-4FB1-900F-A1057B0BAB09}.Debug|x64.Build.0 = Debug|x64
		{CAD69559-1939-4FB1-900F-A1057B0BAB09}.Release|Any CPU.ActiveCfg = Release|Any CPU
		{CAD69559-1939-4FB1-900F-A1057B0BAB09}.Release|Any CPU.Build.0 = Release|Any CPU
		{CAD69559-1939-4FB1-900F-A1057B0BAB09}.Release|x64.ActiveCfg = Release|x64
		{CAD69559-1939-4FB1-900F-A1057B0BAB09}.Release|x64.Build.0 = Release|x64
		{B13FA100-B566-404B-A88C-A44530F42F8E}.Debug|Any CPU.ActiveCfg = Debug|Any CPU
		{B13FA100-B566-404B-A88C-A44530F42F8E}.Debug|Any CPU.Build.0 = Debug|Any CPU
		{B13FA100-B566-404B-A88C-A44530F42F8E}.Debug|x64.ActiveCfg = Debug|x64
		{B13FA100-B566-404B-A88C-A44530F42F8E}.Debug|x64.Build.0 = Debug|x64
		{B13FA100-B566-404B-A88C-A44530F42F8E}.Release|Any CPU.ActiveCfg = Release|Any CPU
		{B13FA100-B566-404B-A88C-A44530F42F8E}.Release|Any CPU.Build.0 = Release|Any CPU
		{B13FA100-B566-404B-A88C-A44530F42F8E}.Release|x64.ActiveCfg = Release|x64
		{B13FA100-B566-404B-A88C-A44530F42F8E}.Release|x64.Build.0 = Release|x64
	EndGlobalSection
	GlobalSection(SolutionProperties) = preSolution
		HideSolutionNode = FALSE
	EndGlobalSection
	GlobalSection(ExtensibilityGlobals) = postSolution
		SolutionGuid = {3C064394-881F-4D34-A345-3F63606134FF}
	EndGlobalSection
EndGlobal
